
Microsoft Visual Studio Solution File, Format Version 12.00
# Visual Studio Version 16
VisualStudioVersion = 16.0.31402.337
MinimumVisualStudioVersion = 10.0.40219.1
Project("{FAE04EC0-301F-11D3-BF4B-00C04F79EFBC}") = "RPSLS_C_Sharp", "RPSLS_C_Sharp.csproj", "{AC5447DA-0AE8-41DE-83E5-0898ECFA84F2}"
EndProject
Global
	GlobalSection(SolutionConfigurationPlatforms) = preSolution
		Debug|Any CPU = Debug|Any CPU
		Release|Any CPU = Release|Any CPU
	EndGlobalSection
	GlobalSection(ProjectConfigurationPlatforms) = postSolution
		{AC5447DA-0AE8-41DE-83E5-0898ECFA84F2}.Debug|Any CPU.ActiveCfg = Debug|Any CPU
		{AC5447DA-0AE8-41DE-83E5-0898ECFA84F2}.Debug|Any CPU.Build.0 = Debug|Any CPU
		{AC5447DA-0AE8-41DE-83E5-0898ECFA84F2}.Release|Any CPU.ActiveCfg = Release|Any CPU
		{AC5447DA-0AE8-41DE-83E5-0898ECFA84F2}.Release|Any CPU.Build.0 = Release|Any CPU
	EndGlobalSection
	GlobalSection(SolutionProperties) = preSolution
		HideSolutionNode = FALSE
	EndGlobalSection
	GlobalSection(ExtensibilityGlobals) = postSolution
		SolutionGuid = {B78EB178-FB33-40B1-9581-3D2274040590}
	EndGlobalSection
EndGlobal
